
Microsoft Visual Studio Solution File, Format Version 12.00
# Visual Studio Version 17
VisualStudioVersion = 17.3.32922.545
MinimumVisualStudioVersion = 10.0.40219.1
Project("{9A19103F-16F7-4668-BE54-9A1E7A4F7556}") = "Core.Persistence", "Core.Persistence\Core.Persistence.csproj", "{9AE57373-8E60-438E-83C5-236D34BCFE3B}"
EndProject
Project("{FAE04EC0-301F-11D3-BF4B-00C04F79EFBC}") = "Core.Application", "Core.Application\Core.Application.csproj", "{D001D058-E636-4C5E-B2B4-BA1DA6B01314}"
EndProject
Global
	GlobalSection(SolutionConfigurationPlatforms) = preSolution
		Debug|Any CPU = Debug|Any CPU
		Release|Any CPU = Release|Any CPU
	EndGlobalSection
	GlobalSection(ProjectConfigurationPlatforms) = postSolution
		{9AE57373-8E60-438E-83C5-236D34BCFE3B}.Debug|Any CPU.ActiveCfg = Debug|Any CPU
		{9AE57373-8E60-438E-83C5-236D34BCFE3B}.Debug|Any CPU.Build.0 = Debug|Any CPU
		{9AE57373-8E60-438E-83C5-236D34BCFE3B}.Release|Any CPU.ActiveCfg = Release|Any CPU
		{9AE57373-8E60-438E-83C5-236D34BCFE3B}.Release|Any CPU.Build.0 = Release|Any CPU
		{D001D058-E636-4C5E-B2B4-BA1DA6B01314}.Debug|Any CPU.ActiveCfg = Debug|Any CPU
		{D001D058-E636-4C5E-B2B4-BA1DA6B01314}.Debug|Any CPU.Build.0 = Debug|Any CPU
		{D001D058-E636-4C5E-B2B4-BA1DA6B01314}.Release|Any CPU.ActiveCfg = Release|Any CPU
		{D001D058-E636-4C5E-B2B4-BA1DA6B01314}.Release|Any CPU.Build.0 = Release|Any CPU
	EndGlobalSection
	GlobalSection(SolutionProperties) = preSolution
		HideSolutionNode = FALSE
	EndGlobalSection
	GlobalSection(ExtensibilityGlobals) = postSolution
		SolutionGuid = {D3926B8C-0017-4E8B-BC56-43A6FD13E0E5}
	EndGlobalSection
EndGlobal
